
Microsoft Visual Studio Solution File, Format Version 12.00
# Visual Studio 2012
Project("{FAE04EC0-301F-11D3-BF4B-00C04F79EFBC}") = "XamTraining", "XamTraining\XamTraining.csproj", "{37CCBCAE-0E9D-40F6-BD99-469922E9394C}"
EndProject
Project("{FAE04EC0-301F-11D3-BF4B-00C04F79EFBC}") = "XamTraining.iOS", "iOS\XamTraining.iOS.csproj", "{6186D6E0-20B9-4856-A5DF-2EE6DAFA8318}"
EndProject
Project("{FAE04EC0-301F-11D3-BF4B-00C04F79EFBC}") = "XamTraining.Droid", "Droid\XamTraining.Droid.csproj", "{98CC3190-A014-40AF-AC89-8BCC01A734BE}"
EndProject
Global
	GlobalSection(SolutionConfigurationPlatforms) = preSolution
		Debug|Any CPU = Debug|Any CPU
		Release|Any CPU = Release|Any CPU
		Debug|iPhoneSimulator = Debug|iPhoneSimulator
		Release|iPhone = Release|iPhone
		Release|iPhoneSimulator = Release|iPhoneSimulator
		Debug|iPhone = Debug|iPhone
	EndGlobalSection
	GlobalSection(ProjectConfigurationPlatforms) = postSolution
		{37CCBCAE-0E9D-40F6-BD99-469922E9394C}.Debug|Any CPU.ActiveCfg = Debug|Any CPU
		{37CCBCAE-0E9D-40F6-BD99-469922E9394C}.Debug|Any CPU.Build.0 = Debug|Any CPU
		{37CCBCAE-0E9D-40F6-BD99-469922E9394C}.Release|Any CPU.ActiveCfg = Release|Any CPU
		{37CCBCAE-0E9D-40F6-BD99-469922E9394C}.Release|Any CPU.Build.0 = Release|Any CPU
		{37CCBCAE-0E9D-40F6-BD99-469922E9394C}.Debug|iPhoneSimulator.ActiveCfg = Debug|Any CPU
		{37CCBCAE-0E9D-40F6-BD99-469922E9394C}.Debug|iPhoneSimulator.Build.0 = Debug|Any CPU
		{37CCBCAE-0E9D-40F6-BD99-469922E9394C}.Release|iPhone.ActiveCfg = Release|Any CPU
		{37CCBCAE-0E9D-40F6-BD99-469922E9394C}.Release|iPhone.Build.0 = Release|Any CPU
		{37CCBCAE-0E9D-40F6-BD99-469922E9394C}.Release|iPhoneSimulator.ActiveCfg = Release|Any CPU
		{37CCBCAE-0E9D-40F6-BD99-469922E9394C}.Release|iPhoneSimulator.Build.0 = Release|Any CPU
		{37CCBCAE-0E9D-40F6-BD99-469922E9394C}.Debug|iPhone.ActiveCfg = Debug|Any CPU
		{37CCBCAE-0E9D-40F6-BD99-469922E9394C}.Debug|iPhone.Build.0 = Debug|Any CPU
		{6186D6E0-20B9-4856-A5DF-2EE6DAFA8318}.Debug|Any CPU.ActiveCfg = Debug|iPhoneSimulator
		{6186D6E0-20B9-4856-A5DF-2EE6DAFA8318}.Debug|Any CPU.Build.0 = Debug|iPhoneSimulator
		{6186D6E0-20B9-4856-A5DF-2EE6DAFA8318}.Release|Any CPU.ActiveCfg = Release|iPhone
		{6186D6E0-20B9-4856-A5DF-2EE6DAFA8318}.Release|Any CPU.Build.0 = Release|iPhone
		{6186D6E0-20B9-4856-A5DF-2EE6DAFA8318}.Debug|iPhoneSimulator.ActiveCfg = Debug|iPhoneSimulator
		{6186D6E0-20B9-4856-A5DF-2EE6DAFA8318}.Debug|iPhoneSimulator.Build.0 = Debug|iPhoneSimulator
		{6186D6E0-20B9-4856-A5DF-2EE6DAFA8318}.Release|iPhone.ActiveCfg = Release|iPhone
		{6186D6E0-20B9-4856-A5DF-2EE6DAFA8318}.Release|iPhone.Build.0 = Release|iPhone
		{6186D6E0-20B9-4856-A5DF-2EE6DAFA8318}.Release|iPhoneSimulator.ActiveCfg = Release|iPhoneSimulator
		{6186D6E0-20B9-4856-A5DF-2EE6DAFA8318}.Release|iPhoneSimulator.Build.0 = Release|iPhoneSimulator
		{6186D6E0-20B9-4856-A5DF-2EE6DAFA8318}.Debug|iPhone.ActiveCfg = Debug|iPhone
		{6186D6E0-20B9-4856-A5DF-2EE6DAFA8318}.Debug|iPhone.Build.0 = Debug|iPhone
		{98CC3190-A014-40AF-AC89-8BCC01A734BE}.Debug|Any CPU.ActiveCfg = Debug|Any CPU
		{98CC3190-A014-40AF-AC89-8BCC01A734BE}.Debug|Any CPU.Build.0 = Debug|Any CPU
		{98CC3190-A014-40AF-AC89-8BCC01A734BE}.Release|Any CPU.ActiveCfg = Release|Any CPU
		{98CC3190-A014-40AF-AC89-8BCC01A734BE}.Release|Any CPU.Build.0 = Release|Any CPU
		{98CC3190-A014-40AF-AC89-8BCC01A734BE}.Debug|iPhoneSimulator.ActiveCfg = Debug|Any CPU
		{98CC3190-A014-40AF-AC89-8BCC01A734BE}.Debug|iPhoneSimulator.Build.0 = Debug|Any CPU
		{98CC3190-A014-40AF-AC89-8BCC01A734BE}.Release|iPhone.ActiveCfg = Release|Any CPU
		{98CC3190-A014-40AF-AC89-8BCC01A734BE}.Release|iPhone.Build.0 = Release|Any CPU
		{98CC3190-A014-40AF-AC89-8BCC01A734BE}.Release|iPhoneSimulator.ActiveCfg = Release|Any CPU
		{98CC3190-A014-40AF-AC89-8BCC01A734BE}.Release|iPhoneSimulator.Build.0 = Release|Any CPU
		{98CC3190-A014-40AF-AC89-8BCC01A734BE}.Debug|iPhone.ActiveCfg = Debug|Any CPU
		{98CC3190-A014-40AF-AC89-8BCC01A734BE}.Debug|iPhone.Build.0 = Debug|Any CPU
	EndGlobalSection
EndGlobal
